
Microsoft Visual Studio Solution File, Format Version 12.00
# Visual Studio Version 17
VisualStudioVersion = 17.9.34701.34
MinimumVisualStudioVersion = 10.0.40219.1
Project("{9A19103F-16F7-4668-BE54-9A1E7A4F7556}") = "Lab2-GUI", "Lab2-GUI\Lab2-GUI.csproj", "{FD49107F-A214-42E6-954A-5BD30D53C33D}"
EndProject
Project("{FAE04EC0-301F-11D3-BF4B-00C04F79EFBC}") = "Lab2-Console", "Lab2-Console\Lab2-Console.csproj", "{A6BB3A4B-E78D-4657-92FE-724191C7C1C6}"
EndProject
Global
	GlobalSection(SolutionConfigurationPlatforms) = preSolution
		Debug|Any CPU = Debug|Any CPU
		Release|Any CPU = Release|Any CPU
	EndGlobalSection
	GlobalSection(ProjectConfigurationPlatforms) = postSolution
		{FD49107F-A214-42E6-954A-5BD30D53C33D}.Debug|Any CPU.ActiveCfg = Debug|Any CPU
		{FD49107F-A214-42E6-954A-5BD30D53C33D}.Debug|Any CPU.Build.0 = Debug|Any CPU
		{FD49107F-A214-42E6-954A-5BD30D53C33D}.Release|Any CPU.ActiveCfg = Release|Any CPU
		{FD49107F-A214-42E6-954A-5BD30D53C33D}.Release|Any CPU.Build.0 = Release|Any CPU
		{A6BB3A4B-E78D-4657-92FE-724191C7C1C6}.Debug|Any CPU.ActiveCfg = Debug|Any CPU
		{A6BB3A4B-E78D-4657-92FE-724191C7C1C6}.Debug|Any CPU.Build.0 = Debug|Any CPU
		{A6BB3A4B-E78D-4657-92FE-724191C7C1C6}.Release|Any CPU.ActiveCfg = Release|Any CPU
		{A6BB3A4B-E78D-4657-92FE-724191C7C1C6}.Release|Any CPU.Build.0 = Release|Any CPU
	EndGlobalSection
	GlobalSection(SolutionProperties) = preSolution
		HideSolutionNode = FALSE
	EndGlobalSection
	GlobalSection(ExtensibilityGlobals) = postSolution
		SolutionGuid = {FEE79D89-AE90-4C41-9AB4-0F278FE3FEE2}
	EndGlobalSection
EndGlobal
